
Microsoft Visual Studio Solution File, Format Version 12.00
# Visual Studio 15
VisualStudioVersion = 15.0.27703.2042
MinimumVisualStudioVersion = 10.0.40219.1
Project("{FAE04EC0-301F-11D3-BF4B-00C04F79EFBC}") = "com.foryoulight", "com.foryoulight\com.foryoulight.csproj", "{107CAAC3-87AC-4950-A354-ADF82855BA57}"
EndProject
Global
	GlobalSection(SolutionConfigurationPlatforms) = preSolution
		Debug|Any CPU = Debug|Any CPU
		Release|Any CPU = Release|Any CPU
	EndGlobalSection
	GlobalSection(ProjectConfigurationPlatforms) = postSolution
		{107CAAC3-87AC-4950-A354-ADF82855BA57}.Debug|Any CPU.ActiveCfg = Debug|Any CPU
		{107CAAC3-87AC-4950-A354-ADF82855BA57}.Debug|Any CPU.Build.0 = Debug|Any CPU
		{107CAAC3-87AC-4950-A354-ADF82855BA57}.Release|Any CPU.ActiveCfg = Release|Any CPU
		{107CAAC3-87AC-4950-A354-ADF82855BA57}.Release|Any CPU.Build.0 = Release|Any CPU
	EndGlobalSection
	GlobalSection(SolutionProperties) = preSolution
		HideSolutionNode = FALSE
	EndGlobalSection
	GlobalSection(ExtensibilityGlobals) = postSolution
		SolutionGuid = {1A8E4A0E-1D9E-477A-876F-F4A1BAFB67D4}
	EndGlobalSection
EndGlobal
